// !$*UTF8*$!
{
	archiveVersion = 1;
	classes = {
	};
	objectVersion = 56;
	objects = {

/* Begin PBXBuildFile section */
		DD2D32772AFB5BDA006546CE /* FavoritesCell.swift in Sources */ = {isa = PBXBuildFile; fileRef = DD2D32762AFB5BDA006546CE /* FavoritesCell.swift */; };
		DD2D327D2AFB61D8006546CE /* FavoritesTableViewController.swift in Sources */ = {isa = PBXBuildFile; fileRef = DD2D327C2AFB61D8006546CE /* FavoritesTableViewController.swift */; };
		DD52DCC82AFA0DCF00DA2BDE /* README.md in Resources */ = {isa = PBXBuildFile; fileRef = DD52DCC72AFA0DCF00DA2BDE /* README.md */; };
		DD52DCCA2AFA0DD400DA2BDE /* wireframe.jpeg in Resources */ = {isa = PBXBuildFile; fileRef = DD52DCC92AFA0DD400DA2BDE /* wireframe.jpeg */; };
		DD52DCCC2AFA0DD800DA2BDE /* brainstorm.md in Resources */ = {isa = PBXBuildFile; fileRef = DD52DCCB2AFA0DD800DA2BDE /* brainstorm.md */; };
		DD9854B12AF96803005A3616 /* AppDelegate.swift in Sources */ = {isa = PBXBuildFile; fileRef = DD9854B02AF96803005A3616 /* AppDelegate.swift */; };
		DD9854B32AF96803005A3616 /* SceneDelegate.swift in Sources */ = {isa = PBXBuildFile; fileRef = DD9854B22AF96803005A3616 /* SceneDelegate.swift */; };
		DD9854B82AF96803005A3616 /* Main.storyboard in Resources */ = {isa = PBXBuildFile; fileRef = DD9854B62AF96803005A3616 /* Main.storyboard */; };
		DD9854BA2AF96804005A3616 /* Assets.xcassets in Resources */ = {isa = PBXBuildFile; fileRef = DD9854B92AF96804005A3616 /* Assets.xcassets */; };
		DD9854BD2AF96804005A3616 /* LaunchScreen.storyboard in Resources */ = {isa = PBXBuildFile; fileRef = DD9854BB2AF96804005A3616 /* LaunchScreen.storyboard */; };
		DD9854C52AF96897005A3616 /* FactViewController.swift in Sources */ = {isa = PBXBuildFile; fileRef = DD9854C42AF96897005A3616 /* FactViewController.swift */; };
		DDBB8D412AF993880078302B /* FeedData.swift in Sources */ = {isa = PBXBuildFile; fileRef = DDBB8D402AF993880078302B /* FeedData.swift */; };
		DDBB8D452AF9FF760078302B /* JokeViewController.swift in Sources */ = {isa = PBXBuildFile; fileRef = DDBB8D442AF9FF760078302B /* JokeViewController.swift */; };
		DDBB8D472AF9FF800078302B /* QuoteViewController.swift in Sources */ = {isa = PBXBuildFile; fileRef = DDBB8D462AF9FF800078302B /* QuoteViewController.swift */; };
		DDFA603A2AFB6CF50081653F /* DetailedFavoritesViewController.swift in Sources */ = {isa = PBXBuildFile; fileRef = DDFA60392AFB6CF50081653F /* DetailedFavoritesViewController.swift */; };
/* End PBXBuildFile section */

/* Begin PBXFileReference section */
		DD2D32762AFB5BDA006546CE /* FavoritesCell.swift */ = {isa = PBXFileReference; lastKnownFileType = sourcecode.swift; path = FavoritesCell.swift; sourceTree = "<group>"; };
		DD2D327C2AFB61D8006546CE /* FavoritesTableViewController.swift */ = {isa = PBXFileReference; fileEncoding = 4; lastKnownFileType = sourcecode.swift; name = FavoritesTableViewController.swift; path = "../../../Library/Mobile Documents/.Trash/FavoritesTableViewController.swift"; sourceTree = "<group>"; };
		DD52DCC72AFA0DCF00DA2BDE /* README.md */ = {isa = PBXFileReference; fileEncoding = 4; lastKnownFileType = net.daringfireball.markdown; path = README.md; sourceTree = SOURCE_ROOT; };
		DD52DCC92AFA0DD400DA2BDE /* wireframe.jpeg */ = {isa = PBXFileReference; lastKnownFileType = image.jpeg; path = wireframe.jpeg; sourceTree = SOURCE_ROOT; };
		DD52DCCB2AFA0DD800DA2BDE /* brainstorm.md */ = {isa = PBXFileReference; fileEncoding = 4; lastKnownFileType = net.daringfireball.markdown; path = brainstorm.md; sourceTree = SOURCE_ROOT; };
		DD9854AD2AF96803005A3616 /* FactFlict.app */ = {isa = PBXFileReference; explicitFileType = wrapper.application; includeInIndex = 0; path = FactFlict.app; sourceTree = BUILT_PRODUCTS_DIR; };
		DD9854B02AF96803005A3616 /* AppDelegate.swift */ = {isa = PBXFileReference; lastKnownFileType = sourcecode.swift; path = AppDelegate.swift; sourceTree = "<group>"; };
		DD9854B22AF96803005A3616 /* SceneDelegate.swift */ = {isa = PBXFileReference; lastKnownFileType = sourcecode.swift; path = SceneDelegate.swift; sourceTree = "<group>"; };
		DD9854B72AF96803005A3616 /* Base */ = {isa = PBXFileReference; lastKnownFileType = file.storyboard; name = Base; path = Base.lproj/Main.storyboard; sourceTree = "<group>"; };
		DD9854B92AF96804005A3616 /* Assets.xcassets */ = {isa = PBXFileReference; lastKnownFileType = folder.assetcatalog; path = Assets.xcassets; sourceTree = "<group>"; };
		DD9854BC2AF96804005A3616 /* Base */ = {isa = PBXFileReference; lastKnownFileType = file.storyboard; name = Base; path = Base.lproj/LaunchScreen.storyboard; sourceTree = "<group>"; };
		DD9854BE2AF96804005A3616 /* Info.plist */ = {isa = PBXFileReference; lastKnownFileType = text.plist.xml; path = Info.plist; sourceTree = "<group>"; };
		DD9854C42AF96897005A3616 /* FactViewController.swift */ = {isa = PBXFileReference; lastKnownFileType = sourcecode.swift; path = FactViewController.swift; sourceTree = "<group>"; };
		DDBB8D402AF993880078302B /* FeedData.swift */ = {isa = PBXFileReference; lastKnownFileType = sourcecode.swift; path = FeedData.swift; sourceTree = "<group>"; };
		DDBB8D442AF9FF760078302B /* JokeViewController.swift */ = {isa = PBXFileReference; lastKnownFileType = sourcecode.swift; path = JokeViewController.swift; sourceTree = "<group>"; };
		DDBB8D462AF9FF800078302B /* QuoteViewController.swift */ = {isa = PBXFileReference; lastKnownFileType = sourcecode.swift; path = QuoteViewController.swift; sourceTree = "<group>"; };
		DDFA60392AFB6CF50081653F /* DetailedFavoritesViewController.swift */ = {isa = PBXFileReference; lastKnownFileType = sourcecode.swift; path = DetailedFavoritesViewController.swift; sourceTree = "<group>"; };
/* End PBXFileReference section */

/* Begin PBXFrameworksBuildPhase section */
		DD9854AA2AF96803005A3616 /* Frameworks */ = {
			isa = PBXFrameworksBuildPhase;
			buildActionMask = 2147483647;
			files = (
			);
			runOnlyForDeploymentPostprocessing = 0;
		};
/* End PBXFrameworksBuildPhase section */

/* Begin PBXGroup section */
		DD9854A42AF96803005A3616 = {
			isa = PBXGroup;
			children = (
				DD9854AF2AF96803005A3616 /* FactFlict */,
				DD9854AE2AF96803005A3616 /* Products */,
			);
			sourceTree = "<group>";
		};
		DD9854AE2AF96803005A3616 /* Products */ = {
			isa = PBXGroup;
			children = (
				DD9854AD2AF96803005A3616 /* FactFlict.app */,
			);
			name = Products;
			sourceTree = "<group>";
		};
		DD9854AF2AF96803005A3616 /* FactFlict */ = {
			isa = PBXGroup;
			children = (
				DD9854B02AF96803005A3616 /* AppDelegate.swift */,
				DD9854B22AF96803005A3616 /* SceneDelegate.swift */,
				DD9854C42AF96897005A3616 /* FactViewController.swift */,
				DDBB8D442AF9FF760078302B /* JokeViewController.swift */,
				DDBB8D462AF9FF800078302B /* QuoteViewController.swift */,
				DDBB8D402AF993880078302B /* FeedData.swift */,
				DD2D327C2AFB61D8006546CE /* FavoritesTableViewController.swift */,
				DDFA60392AFB6CF50081653F /* DetailedFavoritesViewController.swift */,
				DD2D32762AFB5BDA006546CE /* FavoritesCell.swift */,
				DD9854B62AF96803005A3616 /* Main.storyboard */,
				DD9854B92AF96804005A3616 /* Assets.xcassets */,
				DD9854BB2AF96804005A3616 /* LaunchScreen.storyboard */,
				DD9854BE2AF96804005A3616 /* Info.plist */,
				DD52DCCB2AFA0DD800DA2BDE /* brainstorm.md */,
				DD52DCC72AFA0DCF00DA2BDE /* README.md */,
				DD52DCC92AFA0DD400DA2BDE /* wireframe.jpeg */,
			);
			path = FactFlict;
			sourceTree = "<group>";
		};
/* End PBXGroup section */

/* Begin PBXNativeTarget section */
		DD9854AC2AF96803005A3616 /* FactFlict */ = {
			isa = PBXNativeTarget;
			buildConfigurationList = DD9854C12AF96804005A3616 /* Build configuration list for PBXNativeTarget "FactFlict" */;
			buildPhases = (
				DD9854A92AF96803005A3616 /* Sources */,
				DD9854AA2AF96803005A3616 /* Frameworks */,
				DD9854AB2AF96803005A3616 /* Resources */,
			);
			buildRules = (
			);
			dependencies = (
			);
			name = FactFlict;
			productName = FactFlict;
			productReference = DD9854AD2AF96803005A3616 /* FactFlict.app */;
			productType = "com.apple.product-type.application";
		};
/* End PBXNativeTarget section */

/* Begin PBXProject section */
		DD9854A52AF96803005A3616 /* Project object */ = {
			isa = PBXProject;
			attributes = {
				BuildIndependentTargetsInParallel = 1;
				LastSwiftUpdateCheck = 1500;
				LastUpgradeCheck = 1500;
				TargetAttributes = {
					DD9854AC2AF96803005A3616 = {
						CreatedOnToolsVersion = 15.0.1;
					};
				};
			};
			buildConfigurationList = DD9854A82AF96803005A3616 /* Build configuration list for PBXProject "FactFlict" */;
			compatibilityVersion = "Xcode 14.0";
			developmentRegion = en;
			hasScannedForEncodings = 0;
			knownRegions = (
				en,
				Base,
			);
			mainGroup = DD9854A42AF96803005A3616;
			productRefGroup = DD9854AE2AF96803005A3616 /* Products */;
			projectDirPath = "";
			projectRoot = "";
			targets = (
				DD9854AC2AF96803005A3616 /* FactFlict */,
			);
		};
/* End PBXProject section */

/* Begin PBXResourcesBuildPhase section */
		DD9854AB2AF96803005A3616 /* Resources */ = {
			isa = PBXResourcesBuildPhase;
			buildActionMask = 2147483647;
			files = (
				DD52DCCA2AFA0DD400DA2BDE /* wireframe.jpeg in Resources */,
				DD9854BD2AF96804005A3616 /* LaunchScreen.storyboard in Resources */,
				DD9854BA2AF96804005A3616 /* Assets.xcassets in Resources */,
				DD52DCC82AFA0DCF00DA2BDE /* README.md in Resources */,
				DD9854B82AF96803005A3616 /* Main.storyboard in Resources */,
				DD52DCCC2AFA0DD800DA2BDE /* brainstorm.md in Resources */,
			);
			runOnlyForDeploymentPostprocessing = 0;
		};
/* End PBXResourcesBuildPhase section */

/* Begin PBXSourcesBuildPhase section */
		DD9854A92AF96803005A3616 /* Sources */ = {
			isa = PBXSourcesBuildPhase;
			buildActionMask = 2147483647;
			files = (
				DD9854C52AF96897005A3616 /* FactViewController.swift in Sources */,
				DD2D32772AFB5BDA006546CE /* FavoritesCell.swift in Sources */,
				DDBB8D472AF9FF800078302B /* QuoteViewController.swift in Sources */,
				DD2D327D2AFB61D8006546CE /* FavoritesTableViewController.swift in Sources */,
				DDFA603A2AFB6CF50081653F /* DetailedFavoritesViewController.swift in Sources */,
				DDBB8D452AF9FF760078302B /* JokeViewController.swift in Sources */,
				DDBB8D412AF993880078302B /* FeedData.swift in Sources */,
				DD9854B12AF96803005A3616 /* AppDelegate.swift in Sources */,
				DD9854B32AF96803005A3616 /* SceneDelegate.swift in Sources */,
			);
			runOnlyForDeploymentPostprocessing = 0;
		};
/* End PBXSourcesBuildPhase section */

/* Begin PBXVariantGroup section */
		DD9854B62AF96803005A3616 /* Main.storyboard */ = {
			isa = PBXVariantGroup;
			children = (
				DD9854B72AF96803005A3616 /* Base */,
			);
			name = Main.storyboard;
			sourceTree = "<group>";
		};
		DD9854BB2AF96804005A3616 /* LaunchScreen.storyboard */ = {
			isa = PBXVariantGroup;
			children = (
				DD9854BC2AF96804005A3616 /* Base */,
			);
			name = LaunchScreen.storyboard;
			sourceTree = "<group>";
		};
/* End PBXVariantGroup section */

/* Begin XCBuildConfiguration section */
		DD9854BF2AF96804005A3616 /* Debug */ = {
			isa = XCBuildConfiguration;
			buildSettings = {
				ALWAYS_SEARCH_USER_PATHS = NO;
				ASSETCATALOG_COMPILER_GENERATE_SWIFT_ASSET_SYMBOL_EXTENSIONS = YES;
				CLANG_ANALYZER_NONNULL = YES;
				CLANG_ANALYZER_NUMBER_OBJECT_CONVERSION = YES_AGGRESSIVE;
				CLANG_CXX_LANGUAGE_STANDARD = "gnu++20";
				CLANG_ENABLE_MODULES = YES;
				CLANG_ENABLE_OBJC_ARC = YES;
				CLANG_ENABLE_OBJC_WEAK = YES;
				CLANG_WARN_BLOCK_CAPTURE_AUTORELEASING = YES;
				CLANG_WARN_BOOL_CONVERSION = YES;
				CLANG_WARN_COMMA = YES;
				CLANG_WARN_CONSTANT_CONVERSION = YES;
				CLANG_WARN_DEPRECATED_OBJC_IMPLEMENTATIONS = YES;
				CLANG_WARN_DIRECT_OBJC_ISA_USAGE = YES_ERROR;
				CLANG_WARN_DOCUMENTATION_COMMENTS = YES;
				CLANG_WARN_EMPTY_BODY = YES;
				CLANG_WARN_ENUM_CONVERSION = YES;
				CLANG_WARN_INFINITE_RECURSION = YES;
				CLANG_WARN_INT_CONVERSION = YES;
				CLANG_WARN_NON_LITERAL_NULL_CONVERSION = YES;
				CLANG_WARN_OBJC_IMPLICIT_RETAIN_SELF = YES;
				CLANG_WARN_OBJC_LITERAL_CONVERSION = YES;
				CLANG_WARN_OBJC_ROOT_CLASS = YES_ERROR;
				CLANG_WARN_QUOTED_INCLUDE_IN_FRAMEWORK_HEADER = YES;
				CLANG_WARN_RANGE_LOOP_ANALYSIS = YES;
				CLANG_WARN_STRICT_PROTOTYPES = YES;
				CLANG_WARN_SUSPICIOUS_MOVE = YES;
				CLANG_WARN_UNGUARDED_AVAILABILITY = YES_AGGRESSIVE;
				CLANG_WARN_UNREACHABLE_CODE = YES;
				CLANG_WARN__DUPLICATE_METHOD_MATCH = YES;
				COPY_PHASE_STRIP = NO;
				DEBUG_INFORMATION_FORMAT = dwarf;
				ENABLE_STRICT_OBJC_MSGSEND = YES;
				ENABLE_TESTABILITY = YES;
				ENABLE_USER_SCRIPT_SANDBOXING = YES;
				GCC_C_LANGUAGE_STANDARD = gnu17;
				GCC_DYNAMIC_NO_PIC = NO;
				GCC_NO_COMMON_BLOCKS = YES;
				GCC_OPTIMIZATION_LEVEL = 0;
				GCC_PREPROCESSOR_DEFINITIONS = (
					"DEBUG=1",
					"$(inherited)",
				);
				GCC_WARN_64_TO_32_BIT_CONVERSION = YES;
				GCC_WARN_ABOUT_RETURN_TYPE = YES_ERROR;
				GCC_WARN_UNDECLARED_SELECTOR = YES;
				GCC_WARN_UNINITIALIZED_AUTOS = YES_AGGRESSIVE;
				GCC_WARN_UNUSED_FUNCTION = YES;
				GCC_WARN_UNUSED_VARIABLE = YES;
				IPHONEOS_DEPLOYMENT_TARGET = 17.0;
				LOCALIZATION_PREFERS_STRING_CATALOGS = YES;
				MTL_ENABLE_DEBUG_INFO = INCLUDE_SOURCE;
				MTL_FAST_MATH = YES;
				ONLY_ACTIVE_ARCH = YES;
				SDKROOT = iphoneos;
				SWIFT_ACTIVE_COMPILATION_CONDITIONS = "DEBUG $(inherited)";
				SWIFT_OPTIMIZATION_LEVEL = "-Onone";
			};
			name = Debug;
		};
		DD9854C02AF96804005A3616 /* Release */ = {
			isa = XCBuildConfiguration;
			buildSettings = {
				ALWAYS_SEARCH_USER_PATHS = NO;
				ASSETCATALOG_COMPILER_GENERATE_SWIFT_ASSET_SYMBOL_EXTENSIONS = YES;
				CLANG_ANALYZER_NONNULL = YES;
				CLANG_ANALYZER_NUMBER_OBJECT_CONVERSION = YES_AGGRESSIVE;
				CLANG_CXX_LANGUAGE_STANDARD = "gnu++20";
				CLANG_ENABLE_MODULES = YES;
				CLANG_ENABLE_OBJC_ARC = YES;
				CLANG_ENABLE_OBJC_WEAK = YES;
				CLANG_WARN_BLOCK_CAPTURE_AUTORELEASING = YES;
				CLANG_WARN_BOOL_CONVERSION = YES;
				CLANG_WARN_COMMA = YES;
				CLANG_WARN_CONSTANT_CONVERSION = YES;
				CLANG_WARN_DEPRECATED_OBJC_IMPLEMENTATIONS = YES;
				CLANG_WARN_DIRECT_OBJC_ISA_USAGE = YES_ERROR;
				CLANG_WARN_DOCUMENTATION_COMMENTS = YES;
				CLANG_WARN_EMPTY_BODY = YES;
				CLANG_WARN_ENUM_CONVERSION = YES;
				CLANG_WARN_INFINITE_RECURSION = YES;
				CLANG_WARN_INT_CONVERSION = YES;
				CLANG_WARN_NON_LITERAL_NULL_CONVERSION = YES;
				CLANG_WARN_OBJC_IMPLICIT_RETAIN_SELF = YES;
				CLANG_WARN_OBJC_LITERAL_CONVERSION = YES;
				CLANG_WARN_OBJC_ROOT_CLASS = YES_ERROR;
				CLANG_WARN_QUOTED_INCLUDE_IN_FRAMEWORK_HEADER = YES;
				CLANG_WARN_RANGE_LOOP_ANALYSIS = YES;
				CLANG_WARN_STRICT_PROTOTYPES = YES;
				CLANG_WARN_SUSPICIOUS_MOVE = YES;
				CLANG_WARN_UNGUARDED_AVAILABILITY = YES_AGGRESSIVE;
				CLANG_WARN_UNREACHABLE_CODE = YES;
				CLANG_WARN__DUPLICATE_METHOD_MATCH = YES;
				COPY_PHASE_STRIP = NO;
				DEBUG_INFORMATION_FORMAT = "dwarf-with-dsym";
				ENABLE_NS_ASSERTIONS = NO;
				ENABLE_STRICT_OBJC_MSGSEND = YES;
				ENABLE_USER_SCRIPT_SANDBOXING = YES;
				GCC_C_LANGUAGE_STANDARD = gnu17;
				GCC_NO_COMMON_BLOCKS = YES;
				GCC_WARN_64_TO_32_BIT_CONVERSION = YES;
				GCC_WARN_ABOUT_RETURN_TYPE = YES_ERROR;
				GCC_WARN_UNDECLARED_SELECTOR = YES;
				GCC_WARN_UNINITIALIZED_AUTOS = YES_AGGRESSIVE;
				GCC_WARN_UNUSED_FUNCTION = YES;
				GCC_WARN_UNUSED_VARIABLE = YES;
				IPHONEOS_DEPLOYMENT_TARGET = 17.0;
				LOCALIZATION_PREFERS_STRING_CATALOGS = YES;
				MTL_ENABLE_DEBUG_INFO = NO;
				MTL_FAST_MATH = YES;
				SDKROOT = iphoneos;
				SWIFT_COMPILATION_MODE = wholemodule;
				VALIDATE_PRODUCT = YES;
			};
			name = Release;
		};
		DD9854C22AF96804005A3616 /* Debug */ = {
			isa = XCBuildConfiguration;
			buildSettings = {
				ASSETCATALOG_COMPILER_APPICON_NAME = AppIcon;
				ASSETCATALOG_COMPILER_GLOBAL_ACCENT_COLOR_NAME = AccentColor;
				CODE_SIGN_STYLE = Automatic;
				CURRENT_PROJECT_VERSION = 1;
				GENERATE_INFOPLIST_FILE = YES;
				INFOPLIST_FILE = FactFlict/Info.plist;
				INFOPLIST_KEY_UIApplicationSupportsIndirectInputEvents = YES;
				INFOPLIST_KEY_UILaunchStoryboardName = LaunchScreen;
				INFOPLIST_KEY_UIMainStoryboardFile = Main;
				INFOPLIST_KEY_UISupportedInterfaceOrientations_iPad = "UIInterfaceOrientationPortrait UIInterfaceOrientationPortraitUpsideDown UIInterfaceOrientationLandscapeLeft UIInterfaceOrientationLandscapeRight";
				INFOPLIST_KEY_UISupportedInterfaceOrientations_iPhone = "UIInterfaceOrientationPortrait UIInterfaceOrientationLandscapeLeft UIInterfaceOrientationLandscapeRight";
				LD_RUNPATH_SEARCH_PATHS = (
					"$(inherited)",
					"@executable_path/Frameworks",
				);
				MARKETING_VERSION = 1.0;
				PRODUCT_BUNDLE_IDENTIFIER = "Haitham-Alnajar.FactFlict";
				PRODUCT_NAME = "$(TARGET_NAME)";
				SWIFT_EMIT_LOC_STRINGS = YES;
				SWIFT_VERSION = 5.0;
				TARGETED_DEVICE_FAMILY = "1,2";
			};
			name = Debug;
		};
		DD9854C32AF96804005A3616 /* Release */ = {
			isa = XCBuildConfiguration;
			buildSettings = {
				ASSETCATALOG_COMPILER_APPICON_NAME = AppIcon;
				ASSETCATALOG_COMPILER_GLOBAL_ACCENT_COLOR_NAME = AccentColor;
				CODE_SIGN_STYLE = Automatic;
				CURRENT_PROJECT_VERSION = 1;
				GENERATE_INFOPLIST_FILE = YES;
				INFOPLIST_FILE = FactFlict/Info.plist;
				INFOPLIST_KEY_UIApplicationSupportsIndirectInputEvents = YES;
				INFOPLIST_KEY_UILaunchStoryboardName = LaunchScreen;
				INFOPLIST_KEY_UIMainStoryboardFile = Main;
				INFOPLIST_KEY_UISupportedInterfaceOrientations_iPad = "UIInterfaceOrientationPortrait UIInterfaceOrientationPortraitUpsideDown UIInterfaceOrientationLandscapeLeft UIInterfaceOrientationLandscapeRight";
				INFOPLIST_KEY_UISupportedInterfaceOrientations_iPhone = "UIInterfaceOrientationPortrait UIInterfaceOrientationLandscapeLeft UIInterfaceOrientationLandscapeRight";
				LD_RUNPATH_SEARCH_PATHS = (
					"$(inherited)",
					"@executable_path/Frameworks",
				);
				MARKETING_VERSION = 1.0;
				PRODUCT_BUNDLE_IDENTIFIER = "Haitham-Alnajar.FactFlict";
				PRODUCT_NAME = "$(TARGET_NAME)";
				SWIFT_EMIT_LOC_STRINGS = YES;
				SWIFT_VERSION = 5.0;
				TARGETED_DEVICE_FAMILY = "1,2";
			};
			name = Release;
		};
/* End XCBuildConfiguration section */

/* Begin XCConfigurationList section */
		DD9854A82AF96803005A3616 /* Build configuration list for PBXProject "FactFlict" */ = {
			isa = XCConfigurationList;
			buildConfigurations = (
				DD9854BF2AF96804005A3616 /* Debug */,
				DD9854C02AF96804005A3616 /* Release */,
			);
			defaultConfigurationIsVisible = 0;
			defaultConfigurationName = Release;
		};
		DD9854C12AF96804005A3616 /* Build configuration list for PBXNativeTarget "FactFlict" */ = {
			isa = XCConfigurationList;
			buildConfigurations = (
				DD9854C22AF96804005A3616 /* Debug */,
				DD9854C32AF96804005A3616 /* Release */,
			);
			defaultConfigurationIsVisible = 0;
			defaultConfigurationName = Release;
		};
/* End XCConfigurationList section */
	};
	rootObject = DD9854A52AF96803005A3616 /* Project object */;
}
